
Microsoft Visual Studio Solution File, Format Version 12.00
# Visual Studio Version 17
VisualStudioVersion = 17.9.34902.65
MinimumVisualStudioVersion = 10.0.40219.1
Project("{FAE04EC0-301F-11D3-BF4B-00C04F79EFBC}") = "RFIDLibrary", "RFIDLibrary\RFIDLibrary.csproj", "{1B0C793C-22E7-4346-9A28-C624EF87708B}"
EndProject
Global
	GlobalSection(SolutionConfigurationPlatforms) = preSolution
		Debug|Any CPU = Debug|Any CPU
		Release|Any CPU = Release|Any CPU
	EndGlobalSection
	GlobalSection(ProjectConfigurationPlatforms) = postSolution
		{1B0C793C-22E7-4346-9A28-C624EF87708B}.Debug|Any CPU.ActiveCfg = Debug|Any CPU
		{1B0C793C-22E7-4346-9A28-C624EF87708B}.Debug|Any CPU.Build.0 = Debug|Any CPU
		{1B0C793C-22E7-4346-9A28-C624EF87708B}.Release|Any CPU.ActiveCfg = Release|Any CPU
		{1B0C793C-22E7-4346-9A28-C624EF87708B}.Release|Any CPU.Build.0 = Release|Any CPU
	EndGlobalSection
	GlobalSection(SolutionProperties) = preSolution
		HideSolutionNode = FALSE
	EndGlobalSection
	GlobalSection(ExtensibilityGlobals) = postSolution
		SolutionGuid = {B31BD3BA-B78F-4876-9CF8-089E1AEB9025}
	EndGlobalSection
EndGlobal
